
Microsoft Visual Studio Solution File, Format Version 12.00
# Visual Studio Version 16
VisualStudioVersion = 16.0.29613.14
MinimumVisualStudioVersion = 10.0.40219.1
Project("{FAE04EC0-301F-11D3-BF4B-00C04F79EFBC}") = "DnDGen.CreatureGen", "DnDGen.CreatureGen\DnDGen.CreatureGen.csproj", "{592FFFA1-257C-40B4-A14D-E3D553EE490D}"
EndProject
Project("{FAE04EC0-301F-11D3-BF4B-00C04F79EFBC}") = "DnDGen.CreatureGen.Tests.Unit", "DnDGen.CreatureGen.Tests.Unit\DnDGen.CreatureGen.Tests.Unit.csproj", "{4870EA7F-5405-4B42-852F-76D8BF9255C3}"
EndProject
Project("{FAE04EC0-301F-11D3-BF4B-00C04F79EFBC}") = "DnDGen.CreatureGen.Tests.Integration", "DnDGen.CreatureGen.Tests.Integration\DnDGen.CreatureGen.Tests.Integration.csproj", "{4AA96410-82C0-432E-A77F-C549B38ACD4A}"
EndProject
Project("{FAE04EC0-301F-11D3-BF4B-00C04F79EFBC}") = "DnDGen.CreatureGen.Tests.Integration.IoC", "DnDGen.CreatureGen.Tests.Integration.IoC\DnDGen.CreatureGen.Tests.Integration.IoC.csproj", "{0AF1B3F6-685C-49BB-B236-BA8F3F978C39}"
EndProject
Project("{FAE04EC0-301F-11D3-BF4B-00C04F79EFBC}") = "DnDGen.CreatureGen.Tests.Integration.Tables", "DnDGen.CreatureGen.Tests.Integration.Tables\DnDGen.CreatureGen.Tests.Integration.Tables.csproj", "{9FB2AAB8-7DCE-4C4A-ADDB-8621861C9E4A}"
EndProject
Project("{FAE04EC0-301F-11D3-BF4B-00C04F79EFBC}") = "DnDGen.CreatureGen.Tests.Integration.Stress", "DnDGen.CreatureGen.Tests.Integration.Stress\DnDGen.CreatureGen.Tests.Integration.Stress.csproj", "{5C023710-6D0B-4FDA-A13B-2B328075A22C}"
EndProject
Global
	GlobalSection(SolutionConfigurationPlatforms) = preSolution
		Debug|Any CPU = Debug|Any CPU
		Release|Any CPU = Release|Any CPU
		Stress|Any CPU = Stress|Any CPU
	EndGlobalSection
	GlobalSection(ProjectConfigurationPlatforms) = postSolution
		{592FFFA1-257C-40B4-A14D-E3D553EE490D}.Debug|Any CPU.ActiveCfg = Debug|Any CPU
		{592FFFA1-257C-40B4-A14D-E3D553EE490D}.Debug|Any CPU.Build.0 = Debug|Any CPU
		{592FFFA1-257C-40B4-A14D-E3D553EE490D}.Release|Any CPU.ActiveCfg = Release|Any CPU
		{592FFFA1-257C-40B4-A14D-E3D553EE490D}.Release|Any CPU.Build.0 = Release|Any CPU
		{592FFFA1-257C-40B4-A14D-E3D553EE490D}.Stress|Any CPU.ActiveCfg = Debug|Any CPU
		{592FFFA1-257C-40B4-A14D-E3D553EE490D}.Stress|Any CPU.Build.0 = Debug|Any CPU
		{4870EA7F-5405-4B42-852F-76D8BF9255C3}.Debug|Any CPU.ActiveCfg = Debug|Any CPU
		{4870EA7F-5405-4B42-852F-76D8BF9255C3}.Debug|Any CPU.Build.0 = Debug|Any CPU
		{4870EA7F-5405-4B42-852F-76D8BF9255C3}.Release|Any CPU.ActiveCfg = Release|Any CPU
		{4870EA7F-5405-4B42-852F-76D8BF9255C3}.Release|Any CPU.Build.0 = Release|Any CPU
		{4870EA7F-5405-4B42-852F-76D8BF9255C3}.Stress|Any CPU.ActiveCfg = Debug|Any CPU
		{4870EA7F-5405-4B42-852F-76D8BF9255C3}.Stress|Any CPU.Build.0 = Debug|Any CPU
		{4AA96410-82C0-432E-A77F-C549B38ACD4A}.Debug|Any CPU.ActiveCfg = Debug|Any CPU
		{4AA96410-82C0-432E-A77F-C549B38ACD4A}.Debug|Any CPU.Build.0 = Debug|Any CPU
		{4AA96410-82C0-432E-A77F-C549B38ACD4A}.Release|Any CPU.ActiveCfg = Release|Any CPU
		{4AA96410-82C0-432E-A77F-C549B38ACD4A}.Release|Any CPU.Build.0 = Release|Any CPU
		{4AA96410-82C0-432E-A77F-C549B38ACD4A}.Stress|Any CPU.ActiveCfg = Debug|Any CPU
		{4AA96410-82C0-432E-A77F-C549B38ACD4A}.Stress|Any CPU.Build.0 = Debug|Any CPU
		{0AF1B3F6-685C-49BB-B236-BA8F3F978C39}.Debug|Any CPU.ActiveCfg = Debug|Any CPU
		{0AF1B3F6-685C-49BB-B236-BA8F3F978C39}.Debug|Any CPU.Build.0 = Debug|Any CPU
		{0AF1B3F6-685C-49BB-B236-BA8F3F978C39}.Release|Any CPU.ActiveCfg = Release|Any CPU
		{0AF1B3F6-685C-49BB-B236-BA8F3F978C39}.Release|Any CPU.Build.0 = Release|Any CPU
		{0AF1B3F6-685C-49BB-B236-BA8F3F978C39}.Stress|Any CPU.ActiveCfg = Debug|Any CPU
		{0AF1B3F6-685C-49BB-B236-BA8F3F978C39}.Stress|Any CPU.Build.0 = Debug|Any CPU
		{9FB2AAB8-7DCE-4C4A-ADDB-8621861C9E4A}.Debug|Any CPU.ActiveCfg = Debug|Any CPU
		{9FB2AAB8-7DCE-4C4A-ADDB-8621861C9E4A}.Debug|Any CPU.Build.0 = Debug|Any CPU
		{9FB2AAB8-7DCE-4C4A-ADDB-8621861C9E4A}.Release|Any CPU.ActiveCfg = Release|Any CPU
		{9FB2AAB8-7DCE-4C4A-ADDB-8621861C9E4A}.Release|Any CPU.Build.0 = Release|Any CPU
		{9FB2AAB8-7DCE-4C4A-ADDB-8621861C9E4A}.Stress|Any CPU.ActiveCfg = Debug|Any CPU
		{9FB2AAB8-7DCE-4C4A-ADDB-8621861C9E4A}.Stress|Any CPU.Build.0 = Debug|Any CPU
		{5C023710-6D0B-4FDA-A13B-2B328075A22C}.Debug|Any CPU.ActiveCfg = Debug|Any CPU
		{5C023710-6D0B-4FDA-A13B-2B328075A22C}.Debug|Any CPU.Build.0 = Debug|Any CPU
		{5C023710-6D0B-4FDA-A13B-2B328075A22C}.Release|Any CPU.ActiveCfg = Release|Any CPU
		{5C023710-6D0B-4FDA-A13B-2B328075A22C}.Release|Any CPU.Build.0 = Release|Any CPU
		{5C023710-6D0B-4FDA-A13B-2B328075A22C}.Stress|Any CPU.ActiveCfg = Debug|Any CPU
		{5C023710-6D0B-4FDA-A13B-2B328075A22C}.Stress|Any CPU.Build.0 = Debug|Any CPU
	EndGlobalSection
	GlobalSection(SolutionProperties) = preSolution
		HideSolutionNode = FALSE
	EndGlobalSection
	GlobalSection(ExtensibilityGlobals) = postSolution
		SolutionGuid = {858E9708-C245-4C0A-A148-0716E7D92832}
	EndGlobalSection
EndGlobal
